// !$*UTF8*$!
{
	objects = {
		
/* Begin PBXBuildFile section */
		1F37D7FC1E09803400972D59 /* ViewControllerD.swift in Sources */ = {
			isa = PBXBuildFile;
			fileRef = 1F37D7FB1E09803400972D59 /* ViewControllerD.swift */;
		};
		1F37D7FE1E09804700972D59 /* ViewControllerE.swift in Sources */ = {
			isa = PBXBuildFile;
			fileRef = 1F37D7FD1E09804700972D59 /* ViewControllerE.swift */;
		};
		1F37D8001E09805900972D59 /* ViewControllerF.swift in Sources */ = {
			isa = PBXBuildFile;
			fileRef = 1F37D7FF1E09805900972D59 /* ViewControllerF.swift */;
		};
		1F37D8021E09806F00972D59 /* ViewControllerD.swift in Sources */ = {
			isa = PBXBuildFile;
			fileRef = 1F37D7FB1E09803400972D59 /* ViewControllerD.swift */;
		};
		1F37D8031E09807100972D59 /* ViewControllerE.swift in Sources */ = {
			isa = PBXBuildFile;
			fileRef = 1F37D7FD1E09804700972D59 /* ViewControllerE.swift */;
		};
		1F37D8041E09807300972D59 /* ViewControllerF.swift in Sources */ = {
			isa = PBXBuildFile;
			fileRef = 1F37D7FF1E09805900972D59 /* ViewControllerF.swift */;
		};
		1F37D8061E0980EC00972D59 /* ViewControllerG.swift in Sources */ = {
			isa = PBXBuildFile;
			fileRef = 1F37D8051E0980EC00972D59 /* ViewControllerG.swift */;
		};
		1F37D8071E09813600972D59 /* ViewControllerG.swift in Sources */ = {
			isa = PBXBuildFile;
			fileRef = 1F37D8051E0980EC00972D59 /* ViewControllerG.swift */;
		};
/* End PBXBuildFile section */
		
/* Begin PBXFileReference section */
		1F37D7FB1E09803400972D59 /* ViewControllerD.swift */ = {
			isa = PBXFileReference;
			fileEncoding = 4;
			lastKnownFileType = sourcecode.swift;
			path = ViewControllerD.swift;
			sourceTree = "<group>";
		};
		1F37D7FD1E09804700972D59 /* ViewControllerE.swift */ = {
			isa = PBXFileReference;
			fileEncoding = 4;
			lastKnownFileType = sourcecode.swift;
			path = ViewControllerE.swift;
			sourceTree = "<group>";
		};
		1F37D7FF1E09805900972D59 /* ViewControllerF.swift */ = {
			isa = PBXFileReference;
			fileEncoding = 4;
			lastKnownFileType = sourcecode.swift;
			path = ViewControllerF.swift;
			sourceTree = "<group>";
		};
		1F37D8051E0980EC00972D59 /* ViewControllerG.swift */ = {
			isa = PBXFileReference;
			fileEncoding = 4;
			lastKnownFileType = sourcecode.swift;
			path = ViewControllerG.swift;
			sourceTree = "<group>";
		};
/* End PBXFileReference section */
		
/* Begin PBXGroup section */
		1F37D8011E09805F00972D59 /* Feature 1 New Files */ = {
			isa = PBXGroup;
			children = (
				1F37D7FB1E09803400972D59 /* ViewControllerD.swift */,
				1F37D7FD1E09804700972D59 /* ViewControllerE.swift */,
				1F37D7FF1E09805900972D59 /* ViewControllerF.swift */,
			);
			name = "Feature 1 New Files";
			sourceTree = "<group>";
		};
		1F37D7B31E097CA800972D59 /* PBXMergeTest */ = {
			children = (
				1F37D8011E09805F00972D59 /* Feature 1 New Files */,
				1F37D8051E0980EC00972D59 /* ViewControllerG.swift */,
			);
		};
		1F37D7EA1E097FE000972D59 /* PBXMergeTestTarget2 */ = {
			
		};
/* End PBXGroup section */
		
/* Begin PBXNativeTarget section */
		1F37D7B01E097CA800972D59 /* PBXMergeTest */ = {
			
		};
		1F37D7E81E097FE000972D59 /* PBXMergeTestTarget2 */ = {
			
		};
/* End PBXNativeTarget section */
		
/* Begin PBXProject section */
		1F37D7A91E097CA800972D59 /* Project object */ = {
			
		};
/* End PBXProject section */
		
/* Begin PBXResourcesBuildPhase section */
		1F37D7AF1E097CA800972D59 /* Resources */ = {
			
		};
		1F37D7E71E097FE000972D59 /* Resources */ = {
			
		};
/* End PBXResourcesBuildPhase section */
		
/* Begin PBXSourcesBuildPhase section */
		1F37D7AD1E097CA800972D59 /* Sources */ = {
			files = (
				1F37D7FC1E09803400972D59 /* ViewControllerD.swift in Sources */,
				1F37D7FE1E09804700972D59 /* ViewControllerE.swift in Sources */,
				1F37D8001E09805900972D59 /* ViewControllerF.swift in Sources */,
				1F37D8061E0980EC00972D59 /* ViewControllerG.swift in Sources */,
			);
		};
		1F37D7E51E097FE000972D59 /* Sources */ = {
			files = (
				1F37D8021E09806F00972D59 /* ViewControllerD.swift in Sources */,
				1F37D8031E09807100972D59 /* ViewControllerE.swift in Sources */,
				1F37D8041E09807300972D59 /* ViewControllerF.swift in Sources */,
				1F37D8071E09813600972D59 /* ViewControllerG.swift in Sources */,
			);
		};
/* End PBXSourcesBuildPhase section */
		
/* Begin XCBuildConfiguration section */
		1F37D7C11E097CA800972D59 /* Debug */ = {
			buildSettings = {
				
			};
		};
/* End XCBuildConfiguration section */
	};
}
