// !$*UTF8*$!
{
	archiveVersion = 1;
	classes = {
		
	};
	objectVersion = 46;
	objects = {
		
/* Begin PBXBuildFile section */
		1F37D7B51E097CA800972D59 /* AppDelegate.swift in Sources */ = {
			isa = PBXBuildFile;
			fileRef = 1F37D7B41E097CA800972D59 /* AppDelegate.swift */;
		};
/* End PBXBuildFile section */
	};
	rootObject = 1F37D7A91E097CA800972D59 /* Project object */;
}
