// !$*UTF8*$!
{
	archiveVersion = 1;
	classes = {
	};
	objectVersion = 46;
	objects = {

/* Begin PBXBuildFile section */
		1F37D7B51E097CA800972D59 /* AppDelegate.swift in Sources */ = {isa = PBXBuildFile; fileRef = 1F37D7B41E097CA800972D59 /* AppDelegate.swift */; };
		1F37D7B71E097CA800972D59 /* ViewControllerA.swift in Sources */ = {isa = PBXBuildFile; fileRef = 1F37D7B61E097CA800972D59 /* ViewControllerA.swift */; };
		1F37D7BA1E097CA800972D59 /* Main.storyboard in Resources */ = {isa = PBXBuildFile; fileRef = 1F37D7B81E097CA800972D59 /* Main.storyboard */; };
		1F37D7BC1E097CA800972D59 /* Assets.xcassets in Resources */ = {isa = PBXBuildFile; fileRef = 1F37D7BB1E097CA800972D59 /* Assets.xcassets */; };
		1F37D7BF1E097CA800972D59 /* LaunchScreen.storyboard in Resources */ = {isa = PBXBuildFile; fileRef = 1F37D7BD1E097CA800972D59 /* LaunchScreen.storyboard */; };
		1F37D7C71E097CC300972D59 /* ViewControllerB.swift in Sources */ = {isa = PBXBuildFile; fileRef = 1F37D7C61E097CC300972D59 /* ViewControllerB.swift */; };
		1F37D7C91E097CEA00972D59 /* ViewControllerC.swift in Sources */ = {isa = PBXBuildFile; fileRef = 1F37D7C81E097CEA00972D59 /* ViewControllerC.swift */; };
		1F37D7E41E097EEA00972D59 /* Localizable.strings in Resources */ = {isa = PBXBuildFile; fileRef = 1F37D7E31E097EEA00972D59 /* Localizable.strings */; };
		1F37D7EC1E097FE000972D59 /* AppDelegate.swift in Sources */ = {isa = PBXBuildFile; fileRef = 1F37D7EB1E097FE000972D59 /* AppDelegate.swift */; };
		1F37D7EE1E097FE000972D59 /* ViewController.swift in Sources */ = {isa = PBXBuildFile; fileRef = 1F37D7ED1E097FE000972D59 /* ViewController.swift */; };
		1F37D7F11E097FE000972D59 /* Main.storyboard in Resources */ = {isa = PBXBuildFile; fileRef = 1F37D7EF1E097FE000972D59 /* Main.storyboard */; };
		1F37D7F31E097FE000972D59 /* Assets.xcassets in Resources */ = {isa = PBXBuildFile; fileRef = 1F37D7F21E097FE000972D59 /* Assets.xcassets */; };
		1F37D7F61E097FE000972D59 /* LaunchScreen.storyboard in Resources */ = {isa = PBXBuildFile; fileRef = 1F37D7F41E097FE000972D59 /* LaunchScreen.storyboard */; };
		1F37D7FC1E09803400972D59 /* ViewControllerD.swift in Sources */ = {isa = PBXBuildFile; fileRef = 1F37D7FB1E09803400972D59 /* ViewControllerD.swift */; };
		1F37D7FE1E09804700972D59 /* ViewControllerE.swift in Sources */ = {isa = PBXBuildFile; fileRef = 1F37D7FD1E09804700972D59 /* ViewControllerE.swift */; };
		1F37D8001E09805900972D59 /* ViewControllerF.swift in Sources */ = {isa = PBXBuildFile; fileRef = 1F37D7FF1E09805900972D59 /* ViewControllerF.swift */; };
		1F37D8021E09806F00972D59 /* ViewControllerD.swift in Sources */ = {isa = PBXBuildFile; fileRef = 1F37D7FB1E09803400972D59 /* ViewControllerD.swift */; };
		1F37D8031E09807100972D59 /* ViewControllerE.swift in Sources */ = {isa = PBXBuildFile; fileRef = 1F37D7FD1E09804700972D59 /* ViewControllerE.swift */; };
		1F37D8041E09807300972D59 /* ViewControllerF.swift in Sources */ = {isa = PBXBuildFile; fileRef = 1F37D7FF1E09805900972D59 /* ViewControllerF.swift */; };
		1F37D8061E0980EC00972D59 /* ViewControllerG.swift in Sources */ = {isa = PBXBuildFile; fileRef = 1F37D8051E0980EC00972D59 /* ViewControllerG.swift */; };
		1F37D8071E09813600972D59 /* ViewControllerG.swift in Sources */ = {isa = PBXBuildFile; fileRef = 1F37D8051E0980EC00972D59 /* ViewControllerG.swift */; };
/* End PBXBuildFile section */

/* Begin PBXFileReference section */
		1F37D7B11E097CA800972D59 /* PBXMergeTest.app */ = {isa = PBXFileReference; explicitFileType = wrapper.application; includeInIndex = 0; path = PBXMergeTest.app; sourceTree = BUILT_PRODUCTS_DIR; };
		1F37D7B41E097CA800972D59 /* AppDelegate.swift */ = {isa = PBXFileReference; lastKnownFileType = sourcecode.swift; path = AppDelegate.swift; sourceTree = "<group>"; };
		1F37D7B61E097CA800972D59 /* ViewControllerA.swift */ = {isa = PBXFileReference; lastKnownFileType = sourcecode.swift; path = ViewControllerA.swift; sourceTree = "<group>"; };
		1F37D7B91E097CA800972D59 /* Base */ = {isa = PBXFileReference; lastKnownFileType = file.storyboard; name = Base; path = Base.lproj/Main.storyboard; sourceTree = "<group>"; };
		1F37D7BB1E097CA800972D59 /* Assets.xcassets */ = {isa = PBXFileReference; lastKnownFileType = folder.assetcatalog; path = Assets.xcassets; sourceTree = "<group>"; };
		1F37D7BE1E097CA800972D59 /* Base */ = {isa = PBXFileReference; lastKnownFileType = file.storyboard; name = Base; path = Base.lproj/LaunchScreen.storyboard; sourceTree = "<group>"; };
		1F37D7C01E097CA800972D59 /* Info.plist */ = {isa = PBXFileReference; lastKnownFileType = text.plist.xml; path = Info.plist; sourceTree = "<group>"; };
		1F37D7C61E097CC300972D59 /* ViewControllerB.swift */ = {isa = PBXFileReference; fileEncoding = 4; lastKnownFileType = sourcecode.swift; path = ViewControllerB.swift; sourceTree = "<group>"; };
		1F37D7C81E097CEA00972D59 /* ViewControllerC.swift */ = {isa = PBXFileReference; fileEncoding = 4; lastKnownFileType = sourcecode.swift; path = ViewControllerC.swift; sourceTree = "<group>"; };
		1F37D7E31E097EEA00972D59 /* Localizable.strings */ = {isa = PBXFileReference; fileEncoding = 4; lastKnownFileType = text.plist.strings; path = Localizable.strings; sourceTree = "<group>"; };
		1F37D7E91E097FE000972D59 /* PBXMergeTestTarget2.app */ = {isa = PBXFileReference; explicitFileType = wrapper.application; includeInIndex = 0; path = PBXMergeTestTarget2.app; sourceTree = BUILT_PRODUCTS_DIR; };
		1F37D7EB1E097FE000972D59 /* AppDelegate.swift */ = {isa = PBXFileReference; lastKnownFileType = sourcecode.swift; path = AppDelegate.swift; sourceTree = "<group>"; };
		1F37D7ED1E097FE000972D59 /* ViewController.swift */ = {isa = PBXFileReference; lastKnownFileType = sourcecode.swift; path = ViewController.swift; sourceTree = "<group>"; };
		1F37D7F01E097FE000972D59 /* Base */ = {isa = PBXFileReference; lastKnownFileType = file.storyboard; name = Base; path = Base.lproj/Main.storyboard; sourceTree = "<group>"; };
		1F37D7F21E097FE000972D59 /* Assets.xcassets */ = {isa = PBXFileReference; lastKnownFileType = folder.assetcatalog; path = Assets.xcassets; sourceTree = "<group>"; };
		1F37D7F51E097FE000972D59 /* Base */ = {isa = PBXFileReference; lastKnownFileType = file.storyboard; name = Base; path = Base.lproj/LaunchScreen.storyboard; sourceTree = "<group>"; };
		1F37D7F71E097FE000972D59 /* Info.plist */ = {isa = PBXFileReference; lastKnownFileType = text.plist.xml; path = Info.plist; sourceTree = "<group>"; };
		1F37D7FB1E09803400972D59 /* ViewControllerD.swift */ = {isa = PBXFileReference; fileEncoding = 4; lastKnownFileType = sourcecode.swift; path = ViewControllerD.swift; sourceTree = "<group>"; };
		1F37D7FD1E09804700972D59 /* ViewControllerE.swift */ = {isa = PBXFileReference; fileEncoding = 4; lastKnownFileType = sourcecode.swift; path = ViewControllerE.swift; sourceTree = "<group>"; };
		1F37D7FF1E09805900972D59 /* ViewControllerF.swift */ = {isa = PBXFileReference; fileEncoding = 4; lastKnownFileType = sourcecode.swift; path = ViewControllerF.swift; sourceTree = "<group>"; };
		1F37D8051E0980EC00972D59 /* ViewControllerG.swift */ = {isa = PBXFileReference; fileEncoding = 4; lastKnownFileType = sourcecode.swift; path = ViewControllerG.swift; sourceTree = "<group>"; };
/* End PBXFileReference section */

/* Begin PBXFrameworksBuildPhase section */
		1F37D7AE1E097CA800972D59 /* Frameworks */ = {
			isa = PBXFrameworksBuildPhase;
			buildActionMask = 2147483647;
			files = (
			);
			runOnlyForDeploymentPostprocessing = 0;
		};
		1F37D7E61E097FE000972D59 /* Frameworks */ = {
			isa = PBXFrameworksBuildPhase;
			buildActionMask = 2147483647;
			files = (
			);
			runOnlyForDeploymentPostprocessing = 0;
		};
/* End PBXFrameworksBuildPhase section */

/* Begin PBXGroup section */
		1F37D7A81E097CA800972D59 = {
			isa = PBXGroup;
			children = (
				1F37D7B31E097CA800972D59 /* PBXMergeTest */,
				1F37D7EA1E097FE000972D59 /* PBXMergeTestTarget2 */,
				1F37D7B21E097CA800972D59 /* Products */,
			);
			sourceTree = "<group>";
		};
		1F37D7B21E097CA800972D59 /* Products */ = {
			isa = PBXGroup;
			children = (
				1F37D7B11E097CA800972D59 /* PBXMergeTest.app */,
				1F37D7E91E097FE000972D59 /* PBXMergeTestTarget2.app */,
			);
			name = Products;
			sourceTree = "<group>";
		};
		1F37D7B31E097CA800972D59 /* PBXMergeTest */ = {
			isa = PBXGroup;
			children = (
				1F37D7B41E097CA800972D59 /* AppDelegate.swift */,
				1F37D7B61E097CA800972D59 /* ViewControllerA.swift */,
				1F37D7C61E097CC300972D59 /* ViewControllerB.swift */,
				1F37D7C81E097CEA00972D59 /* ViewControllerC.swift */,
				1F37D8051E0980EC00972D59 /* ViewControllerG.swift */,
				1F37D8011E09805F00972D59 /* Feature 1 New Files */,
				1F37D7B81E097CA800972D59 /* Main.storyboard */,
				1F37D7BB1E097CA800972D59 /* Assets.xcassets */,
				1F37D7BD1E097CA800972D59 /* LaunchScreen.storyboard */,
				1F37D7C01E097CA800972D59 /* Info.plist */,
				1F37D7E31E097EEA00972D59 /* Localizable.strings */,
			);
			path = PBXMergeTest;
			sourceTree = "<group>";
		};
		1F37D7EA1E097FE000972D59 /* PBXMergeTestTarget2 */ = {
			isa = PBXGroup;
			children = (
				1F37D7EB1E097FE000972D59 /* AppDelegate.swift */,
				1F37D7ED1E097FE000972D59 /* ViewController.swift */,
				1F37D7EF1E097FE000972D59 /* Main.storyboard */,
				1F37D7F21E097FE000972D59 /* Assets.xcassets */,
				1F37D7F41E097FE000972D59 /* LaunchScreen.storyboard */,
				1F37D7F71E097FE000972D59 /* Info.plist */,
			);
			path = PBXMergeTestTarget2;
			sourceTree = "<group>";
		};
		1F37D8011E09805F00972D59 /* Feature 1 New Files */ = {
			isa = PBXGroup;
			children = (
				1F37D7FB1E09803400972D59 /* ViewControllerD.swift */,
				1F37D7FD1E09804700972D59 /* ViewControllerE.swift */,
				1F37D7FF1E09805900972D59 /* ViewControllerF.swift */,
			);
			name = "Feature 1 New Files";
			sourceTree = "<group>";
		};
/* End PBXGroup section */

/* Begin PBXNativeTarget section */
		1F37D7B01E097CA800972D59 /* PBXMergeTest */ = {
			isa = PBXNativeTarget;
			buildConfigurationList = 1F37D7C31E097CA800972D59 /* Build configuration list for PBXNativeTarget "PBXMergeTest" */;
			buildPhases = (
				1F37D7AD1E097CA800972D59 /* Sources */,
				1F37D7AE1E097CA800972D59 /* Frameworks */,
				1F37D7AF1E097CA800972D59 /* Resources */,
			);
			buildRules = (
			);
			dependencies = (
			);
			name = PBXMergeTest;
			productName = PBXMergeTest;
			productReference = 1F37D7B11E097CA800972D59 /* PBXMergeTest.app */;
			productType = "com.apple.product-type.application";
		};
		1F37D7E81E097FE000972D59 /* PBXMergeTestTarget2 */ = {
			isa = PBXNativeTarget;
			buildConfigurationList = 1F37D7F81E097FE000972D59 /* Build configuration list for PBXNativeTarget "PBXMergeTestTarget2" */;
			buildPhases = (
				1F37D7E51E097FE000972D59 /* Sources */,
				1F37D7E61E097FE000972D59 /* Frameworks */,
				1F37D7E71E097FE000972D59 /* Resources */,
			);
			buildRules = (
			);
			dependencies = (
			);
			name = PBXMergeTestTarget2;
			productName = PBXMergeTestTarget2;
			productReference = 1F37D7E91E097FE000972D59 /* PBXMergeTestTarget2.app */;
			productType = "com.apple.product-type.application";
		};
/* End PBXNativeTarget section */

/* Begin PBXProject section */
		1F37D7A91E097CA800972D59 /* Project object */ = {
			isa = PBXProject;
			attributes = {
				LastSwiftUpdateCheck = 0820;
				LastUpgradeCheck = 0820;
				ORGANIZATIONNAME = "Denis Kirillov";
				TargetAttributes = {
					1F37D7B01E097CA800972D59 = {
						CreatedOnToolsVersion = 8.2;
						DevelopmentTeam = 2XS5VLSBUW;
						ProvisioningStyle = Automatic;
					};
					1F37D7E81E097FE000972D59 = {
						CreatedOnToolsVersion = 8.2;
						DevelopmentTeam = 2XS5VLSBUW;
						ProvisioningStyle = Automatic;
					};
				};
			};
			buildConfigurationList = 1F37D7AC1E097CA800972D59 /* Build configuration list for PBXProject "PBXMergeTest" */;
			compatibilityVersion = "Xcode 3.2";
			developmentRegion = English;
			hasScannedForEncodings = 0;
			knownRegions = (
				en,
				Base,
			);
			mainGroup = 1F37D7A81E097CA800972D59;
			productRefGroup = 1F37D7B21E097CA800972D59 /* Products */;
			projectDirPath = "";
			projectRoot = "";
			targets = (
				1F37D7B01E097CA800972D59 /* PBXMergeTest */,
				1F37D7E81E097FE000972D59 /* PBXMergeTestTarget2 */,
			);
		};
/* End PBXProject section */

/* Begin PBXResourcesBuildPhase section */
		1F37D7AF1E097CA800972D59 /* Resources */ = {
			isa = PBXResourcesBuildPhase;
			buildActionMask = 2147483647;
			files = (
				1F37D7BF1E097CA800972D59 /* LaunchScreen.storyboard in Resources */,
				1F37D7E41E097EEA00972D59 /* Localizable.strings in Resources */,
				1F37D7BC1E097CA800972D59 /* Assets.xcassets in Resources */,
				1F37D7BA1E097CA800972D59 /* Main.storyboard in Resources */,
			);
			runOnlyForDeploymentPostprocessing = 0;
		};
		1F37D7E71E097FE000972D59 /* Resources */ = {
			isa = PBXResourcesBuildPhase;
			buildActionMask = 2147483647;
			files = (
				1F37D7F61E097FE000972D59 /* LaunchScreen.storyboard in Resources */,
				1F37D7F31E097FE000972D59 /* Assets.xcassets in Resources */,
				1F37D7F11E097FE000972D59 /* Main.storyboard in Resources */,
			);
			runOnlyForDeploymentPostprocessing = 0;
		};
/* End PBXResourcesBuildPhase section */

/* Begin PBXSourcesBuildPhase section */
		1F37D7AD1E097CA800972D59 /* Sources */ = {
			isa = PBXSourcesBuildPhase;
			buildActionMask = 2147483647;
			files = (
				1F37D7C71E097CC300972D59 /* ViewControllerB.swift in Sources */,
				1F37D7FC1E09803400972D59 /* ViewControllerD.swift in Sources */,
				1F37D7FE1E09804700972D59 /* ViewControllerE.swift in Sources */,
				1F37D8001E09805900972D59 /* ViewControllerF.swift in Sources */,
				1F37D7B71E097CA800972D59 /* ViewControllerA.swift in Sources */,
				1F37D7C91E097CEA00972D59 /* ViewControllerC.swift in Sources */,
				1F37D8061E0980EC00972D59 /* ViewControllerG.swift in Sources */,
				1F37D7B51E097CA800972D59 /* AppDelegate.swift in Sources */,
			);
			runOnlyForDeploymentPostprocessing = 0;
		};
		1F37D7E51E097FE000972D59 /* Sources */ = {
			isa = PBXSourcesBuildPhase;
			buildActionMask = 2147483647;
			files = (
				1F37D8041E09807300972D59 /* ViewControllerF.swift in Sources */,
				1F37D8031E09807100972D59 /* ViewControllerE.swift in Sources */,
				1F37D7EE1E097FE000972D59 /* ViewController.swift in Sources */,
				1F37D7EC1E097FE000972D59 /* AppDelegate.swift in Sources */,
				1F37D8071E09813600972D59 /* ViewControllerG.swift in Sources */,
				1F37D8021E09806F00972D59 /* ViewControllerD.swift in Sources */,
			);
			runOnlyForDeploymentPostprocessing = 0;
		};
/* End PBXSourcesBuildPhase section */

/* Begin PBXVariantGroup section */
		1F37D7B81E097CA800972D59 /* Main.storyboard */ = {
			isa = PBXVariantGroup;
			children = (
				1F37D7B91E097CA800972D59 /* Base */,
			);
			name = Main.storyboard;
			sourceTree = "<group>";
		};
		1F37D7BD1E097CA800972D59 /* LaunchScreen.storyboard */ = {
			isa = PBXVariantGroup;
			children = (
				1F37D7BE1E097CA800972D59 /* Base */,
			);
			name = LaunchScreen.storyboard;
			sourceTree = "<group>";
		};
		1F37D7EF1E097FE000972D59 /* Main.storyboard */ = {
			isa = PBXVariantGroup;
			children = (
				1F37D7F01E097FE000972D59 /* Base */,
			);
			name = Main.storyboard;
			sourceTree = "<group>";
		};
		1F37D7F41E097FE000972D59 /* LaunchScreen.storyboard */ = {
			isa = PBXVariantGroup;
			children = (
				1F37D7F51E097FE000972D59 /* Base */,
			);
			name = LaunchScreen.storyboard;
			sourceTree = "<group>";
		};
/* End PBXVariantGroup section */

/* Begin XCBuildConfiguration section */
		1F37D7C11E097CA800972D59 /* Debug */ = {
			isa = XCBuildConfiguration;
			buildSettings = {
				ALWAYS_SEARCH_USER_PATHS = NO;
				CLANG_ANALYZER_NONNULL = YES;
				CLANG_CXX_LANGUAGE_STANDARD = "gnu++0x";
				CLANG_CXX_LIBRARY = "libc++";
				CLANG_ENABLE_MODULES = YES;
				CLANG_ENABLE_OBJC_ARC = YES;
				CLANG_WARN_BOOL_CONVERSION = YES;
				CLANG_WARN_CONSTANT_CONVERSION = YES;
				CLANG_WARN_DIRECT_OBJC_ISA_USAGE = YES_ERROR;
				CLANG_WARN_DOCUMENTATION_COMMENTS = YES;
				CLANG_WARN_EMPTY_BODY = YES;
				CLANG_WARN_ENUM_CONVERSION = YES;
				CLANG_WARN_INFINITE_RECURSION = YES;
				CLANG_WARN_INT_CONVERSION = YES;
				CLANG_WARN_OBJC_ROOT_CLASS = YES_ERROR;
				CLANG_WARN_SUSPICIOUS_MOVE = YES;
				CLANG_WARN_UNREACHABLE_CODE = YES;
				CLANG_WARN__DUPLICATE_METHOD_MATCH = YES;
				"CODE_SIGN_IDENTITY[sdk=iphoneos*]" = "iPhone Developer";
				COPY_PHASE_STRIP = NO;
				DEBUG_INFORMATION_FORMAT = dwarf;
				ENABLE_STRICT_OBJC_MSGSEND = YES;
				ENABLE_TESTABILITY = YES;
				GCC_C_LANGUAGE_STANDARD = gnu99;
				GCC_DYNAMIC_NO_PIC = NO;
				GCC_NO_COMMON_BLOCKS = YES;
				GCC_OPTIMIZATION_LEVEL = 0;
				GCC_PREPROCESSOR_DEFINITIONS = (
					"DEBUG=1",
					"$(inherited)",
				);
				GCC_WARN_64_TO_32_BIT_CONVERSION = YES;
				GCC_WARN_ABOUT_RETURN_TYPE = YES_ERROR;
				GCC_WARN_UNDECLARED_SELECTOR = YES;
				GCC_WARN_UNINITIALIZED_AUTOS = YES_AGGRESSIVE;
				GCC_WARN_UNUSED_FUNCTION = YES;
				GCC_WARN_UNUSED_VARIABLE = YES;
				IPHONEOS_DEPLOYMENT_TARGET = 10.2;
				MTL_ENABLE_DEBUG_INFO = YES;
				ONLY_ACTIVE_ARCH = YES;
				SDKROOT = iphoneos;
				SWIFT_ACTIVE_COMPILATION_CONDITIONS = DEBUG;
				SWIFT_OPTIMIZATION_LEVEL = "-Onone";
			};
			name = Debug;
		};
		1F37D7C21E097CA800972D59 /* Release */ = {
			isa = XCBuildConfiguration;
			buildSettings = {
				ALWAYS_SEARCH_USER_PATHS = NO;
				CLANG_ANALYZER_NONNULL = YES;
				CLANG_CXX_LANGUAGE_STANDARD = "gnu++0x";
				CLANG_CXX_LIBRARY = "libc++";
				CLANG_ENABLE_MODULES = YES;
				CLANG_ENABLE_OBJC_ARC = YES;
				CLANG_WARN_BOOL_CONVERSION = YES;
				CLANG_WARN_CONSTANT_CONVERSION = YES;
				CLANG_WARN_DIRECT_OBJC_ISA_USAGE = YES_ERROR;
				CLANG_WARN_DOCUMENTATION_COMMENTS = YES;
				CLANG_WARN_EMPTY_BODY = YES;
				CLANG_WARN_ENUM_CONVERSION = YES;
				CLANG_WARN_INFINITE_RECURSION = YES;
				CLANG_WARN_INT_CONVERSION = YES;
				CLANG_WARN_OBJC_ROOT_CLASS = YES_ERROR;
				CLANG_WARN_SUSPICIOUS_MOVE = YES;
				CLANG_WARN_UNREACHABLE_CODE = YES;
				CLANG_WARN__DUPLICATE_METHOD_MATCH = YES;
				"CODE_SIGN_IDENTITY[sdk=iphoneos*]" = "iPhone Developer";
				COPY_PHASE_STRIP = NO;
				DEBUG_INFORMATION_FORMAT = "dwarf-with-dsym";
				ENABLE_NS_ASSERTIONS = NO;
				ENABLE_STRICT_OBJC_MSGSEND = YES;
				GCC_C_LANGUAGE_STANDARD = gnu99;
				GCC_NO_COMMON_BLOCKS = YES;
				GCC_WARN_64_TO_32_BIT_CONVERSION = YES;
				GCC_WARN_ABOUT_RETURN_TYPE = YES_ERROR;
				GCC_WARN_UNDECLARED_SELECTOR = YES;
				GCC_WARN_UNINITIALIZED_AUTOS = YES_AGGRESSIVE;
				GCC_WARN_UNUSED_FUNCTION = YES;
				GCC_WARN_UNUSED_VARIABLE = YES;
				IPHONEOS_DEPLOYMENT_TARGET = 10.2;
				MTL_ENABLE_DEBUG_INFO = NO;
				SDKROOT = iphoneos;
				SWIFT_OPTIMIZATION_LEVEL = "-Owholemodule";
				VALIDATE_PRODUCT = YES;
			};
			name = Release;
		};
		1F37D7C41E097CA800972D59 /* Debug */ = {
			isa = XCBuildConfiguration;
			buildSettings = {
				ASSETCATALOG_COMPILER_APPICON_NAME = AppIcon;
				DEVELOPMENT_TEAM = 2XS5VLSBUW;
				INFOPLIST_FILE = PBXMergeTest/Info.plist;
				LD_RUNPATH_SEARCH_PATHS = "$(inherited) @executable_path/Frameworks";
				PRODUCT_BUNDLE_IDENTIFIER = com.mamba.PBXMergeTest;
				PRODUCT_NAME = "$(TARGET_NAME)";
				SWIFT_VERSION = 3.0;
			};
			name = Debug;
		};
		1F37D7C51E097CA800972D59 /* Release */ = {
			isa = XCBuildConfiguration;
			buildSettings = {
				ASSETCATALOG_COMPILER_APPICON_NAME = AppIcon;
				DEVELOPMENT_TEAM = 2XS5VLSBUW;
				INFOPLIST_FILE = PBXMergeTest/Info.plist;
				LD_RUNPATH_SEARCH_PATHS = "$(inherited) @executable_path/Frameworks";
				PRODUCT_BUNDLE_IDENTIFIER = com.mamba.PBXMergeTest;
				PRODUCT_NAME = "$(TARGET_NAME)";
				SWIFT_VERSION = 3.0;
			};
			name = Release;
		};
		1F37D7F91E097FE000972D59 /* Debug */ = {
			isa = XCBuildConfiguration;
			buildSettings = {
				ASSETCATALOG_COMPILER_APPICON_NAME = AppIcon;
				DEVELOPMENT_TEAM = 2XS5VLSBUW;
				INFOPLIST_FILE = PBXMergeTestTarget2/Info.plist;
				LD_RUNPATH_SEARCH_PATHS = "$(inherited) @executable_path/Frameworks";
				PRODUCT_BUNDLE_IDENTIFIER = com.mamba.PBXMergeTestTarget2;
				PRODUCT_NAME = "$(TARGET_NAME)";
				SWIFT_VERSION = 3.0;
			};
			name = Debug;
		};
		1F37D7FA1E097FE000972D59 /* Release */ = {
			isa = XCBuildConfiguration;
			buildSettings = {
				ASSETCATALOG_COMPILER_APPICON_NAME = AppIcon;
				DEVELOPMENT_TEAM = 2XS5VLSBUW;
				INFOPLIST_FILE = PBXMergeTestTarget2/Info.plist;
				LD_RUNPATH_SEARCH_PATHS = "$(inherited) @executable_path/Frameworks";
				PRODUCT_BUNDLE_IDENTIFIER = com.mamba.PBXMergeTestTarget2;
				PRODUCT_NAME = "$(TARGET_NAME)";
				SWIFT_VERSION = 3.0;
			};
			name = Release;
		};
/* End XCBuildConfiguration section */

/* Begin XCConfigurationList section */
		1F37D7AC1E097CA800972D59 /* Build configuration list for PBXProject "PBXMergeTest" */ = {
			isa = XCConfigurationList;
			buildConfigurations = (
				1F37D7C11E097CA800972D59 /* Debug */,
				1F37D7C21E097CA800972D59 /* Release */,
			);
			defaultConfigurationIsVisible = 0;
			defaultConfigurationName = Release;
		};
		1F37D7C31E097CA800972D59 /* Build configuration list for PBXNativeTarget "PBXMergeTest" */ = {
			isa = XCConfigurationList;
			buildConfigurations = (
				1F37D7C41E097CA800972D59 /* Debug */,
				1F37D7C51E097CA800972D59 /* Release */,
			);
			defaultConfigurationIsVisible = 0;
		};
		1F37D7F81E097FE000972D59 /* Build configuration list for PBXNativeTarget "PBXMergeTestTarget2" */ = {
			isa = XCConfigurationList;
			buildConfigurations = (
				1F37D7F91E097FE000972D59 /* Debug */,
				1F37D7FA1E097FE000972D59 /* Release */,
			);
			defaultConfigurationIsVisible = 0;
		};
/* End XCConfigurationList section */
	};
	rootObject = 1F37D7A91E097CA800972D59 /* Project object */;
}
