// !$*UTF8*$!
{
	archiveVersion = 1;
	classes = {
	};
	objectVersion = 46;
	objects = {

/* Begin PBXBuildFile section */
		BAE5855014B3892C9F01D00EF3F1F90C /* AppDelegate.swift in Sources */ = {isa = PBXBuildFile; fileRef = 568426CF37E38A395D3471C124DD9905 /* AppDelegate.swift */; };
		CCC61B7B809F913F6C911B5F89A049A6 /* AppDelegate.swift in Sources */ = {isa = PBXBuildFile; fileRef = 69ECEC270B212F3C55BD509FE9E0E092 /* AppDelegate.swift */; };
		43AA066630BD3E5D86DB2DA5CFC69AD0 /* Assets.xcassets in Resources */ = {isa = PBXBuildFile; fileRef = D0D4A9CA3897988A8076EBF88898AA79 /* Assets.xcassets */; };
		B517BFA75D3ADBFBB53A8519C0CFDFEE /* Assets.xcassets in Resources */ = {isa = PBXBuildFile; fileRef = BF2E9490809EA00738E077CE8BAA6A3A /* Assets.xcassets */; };
		803A0D62A27A352BC1A9CF66B91FEAE4 /* LaunchScreen.storyboard in Resources */ = {isa = PBXBuildFile; fileRef = 6E3B9E80BFD9EAF87976BDB872002EBC /* LaunchScreen.storyboard */; };
		279497D298121336AFE1618337E44463 /* LaunchScreen.storyboard in Resources */ = {isa = PBXBuildFile; fileRef = EDC4F05ECA6EB91DD963A960544DBFC3 /* LaunchScreen.storyboard */; };
		10E77697657297754BC5B03C09645C2B /* Localizable.strings in Resources */ = {isa = PBXBuildFile; fileRef = 867522A2810598A1224F3C77E01E7B25 /* Localizable.strings */; };
		968997E5589BD28795716504CF44F19C /* Main.storyboard in Resources */ = {isa = PBXBuildFile; fileRef = 072E0C0C9A1DA4B9525D337C51804C37 /* Main.storyboard */; };
		AA776872B9990371A9BE62A75B3BFBE0 /* Main.storyboard in Resources */ = {isa = PBXBuildFile; fileRef = 8E65005D0D504ADA6A2B944CE3DC4840 /* Main.storyboard */; };
		F6440ACDFA06254285DD0FD94D20C664 /* ViewController.swift in Sources */ = {isa = PBXBuildFile; fileRef = 7A474435A0067EA4444D1076D620879B /* ViewController.swift */; };
		0D88FD1E939EF3264B33714C22A2BDE5 /* ViewControllerA.swift in Sources */ = {isa = PBXBuildFile; fileRef = 52A038E2DDC49E2087BCA07D752A1173 /* ViewControllerA.swift */; };
		9417F3083266AB842DE9F140AC4D2956 /* ViewControllerB.swift in Sources */ = {isa = PBXBuildFile; fileRef = C8C4EE13DE2780A750665E95D515EB76 /* ViewControllerB.swift */; };
		556B988F1BC7640E55E1655DB0B6F4F9 /* ViewControllerC.swift in Sources */ = {isa = PBXBuildFile; fileRef = 74841E5C5338D2D6411C4C875B9A237A /* ViewControllerC.swift */; };
/* End PBXBuildFile section */

	};
	rootObject = 21E6826B7899581F58752B168580AE41 /* Project object */;
}
