// !$*UTF8*$!
{
	children = (
    				3A8ACB085018A2CF901D0B378E29981D /* Feature 1 New Files */,
    				00153CEE8562DFB94DF37665C5C838DD /* ViewControllerG.swift */,
    				568426CF37E38A395D3471C124DD9905 /* AppDelegate.swift */,
    				D0D4A9CA3897988A8076EBF88898AA79 /* Assets.xcassets */,
    				3A8BAAF5B5AEB2D69CA1F96B99FD045D /* Info.plist */,
    				6E3B9E80BFD9EAF87976BDB872002EBC /* LaunchScreen.storyboard */,
    				867522A2810598A1224F3C77E01E7B25 /* Localizable.strings */,
    				072E0C0C9A1DA4B9525D337C51804C37 /* Main.storyboard */,
    				52A038E2DDC49E2087BCA07D752A1173 /* ViewControllerA.swift */,
    				C8C4EE13DE2780A750665E95D515EB76 /* ViewControllerB.swift */,
    				74841E5C5338D2D6411C4C875B9A237A /* ViewControllerC.swift */,
    			);

}